// !$*UTF8*$!
{
	archiveVersion = 1;
	classes = {
	};
	objectVersion = 46;
	objects = {

/* Begin PBXBuildFile section */
		A1C3E79343299D13269F1487 /* libPods-MVideo.a in Frameworks */ = {isa = PBXBuildFile; fileRef = 2B47EF1965D27E0670B59074 /* libPods-MVideo.a */; };
		C71FF8F91EAE0F8E00E6C8D2 /* All-Btn-BackOfLight-Highlighted@2x.png in Resources */ = {isa = PBXBuildFile; fileRef = C71FF8F81EAE0F8E00E6C8D2 /* All-Btn-BackOfLight-Highlighted@2x.png */; };
		C73D4D521EADAE3700ED8308 /* AppDelegate.m in Sources */ = {isa = PBXBuildFile; fileRef = C73D4D511EADAE3700ED8308 /* AppDelegate.m */; };
		C73D4D551EADAE3700ED8308 /* main.m in Sources */ = {isa = PBXBuildFile; fileRef = C73D4D541EADAE3700ED8308 /* main.m */; };
		C73D4D581EADAE3700ED8308 /* ViewController.m in Sources */ = {isa = PBXBuildFile; fileRef = C73D4D571EADAE3700ED8308 /* ViewController.m */; };
		C73D4D5A1EADAE3700ED8308 /* Assets.xcassets in Resources */ = {isa = PBXBuildFile; fileRef = C73D4D591EADAE3700ED8308 /* Assets.xcassets */; };
		C73D4D5D1EADAE3700ED8308 /* Main.storyboard in Resources */ = {isa = PBXBuildFile; fileRef = C73D4D5B1EADAE3700ED8308 /* Main.storyboard */; };
		C73D4E211EADE68B00ED8308 /* MMovieModel.m in Sources */ = {isa = PBXBuildFile; fileRef = C73D4E201EADE68B00ED8308 /* MMovieModel.m */; };
		C73D4E2B1EADF12B00ED8308 /* DetailViewController.m in Sources */ = {isa = PBXBuildFile; fileRef = C73D4E291EADF12B00ED8308 /* DetailViewController.m */; };
		C73D4E2C1EADF12B00ED8308 /* DetailViewController.xib in Resources */ = {isa = PBXBuildFile; fileRef = C73D4E2A1EADF12B00ED8308 /* DetailViewController.xib */; };
/* End PBXBuildFile section */

/* Begin PBXFileReference section */
		2B47EF1965D27E0670B59074 /* libPods-MVideo.a */ = {isa = PBXFileReference; explicitFileType = archive.ar; includeInIndex = 0; path = "libPods-MVideo.a"; sourceTree = BUILT_PRODUCTS_DIR; };
		92827552F4C8A484A5FFADA0 /* Pods-MVideo.debug.xcconfig */ = {isa = PBXFileReference; includeInIndex = 1; lastKnownFileType = text.xcconfig; name = "Pods-MVideo.debug.xcconfig"; path = "Pods/Target Support Files/Pods-MVideo/Pods-MVideo.debug.xcconfig"; sourceTree = "<group>"; };
		9E0E224B740CDA868624CEE6 /* Pods-MVideo.release.xcconfig */ = {isa = PBXFileReference; includeInIndex = 1; lastKnownFileType = text.xcconfig; name = "Pods-MVideo.release.xcconfig"; path = "Pods/Target Support Files/Pods-MVideo/Pods-MVideo.release.xcconfig"; sourceTree = "<group>"; };
		C71FF8F81EAE0F8E00E6C8D2 /* All-Btn-BackOfLight-Highlighted@2x.png */ = {isa = PBXFileReference; lastKnownFileType = image.png; path = "All-Btn-BackOfLight-Highlighted@2x.png"; sourceTree = "<group>"; };
		C73D4D4D1EADAE3700ED8308 /* MVideo.app */ = {isa = PBXFileReference; explicitFileType = wrapper.application; includeInIndex = 0; path = MVideo.app; sourceTree = BUILT_PRODUCTS_DIR; };
		C73D4D501EADAE3700ED8308 /* AppDelegate.h */ = {isa = PBXFileReference; lastKnownFileType = sourcecode.c.h; path = AppDelegate.h; sourceTree = "<group>"; };
		C73D4D511EADAE3700ED8308 /* AppDelegate.m */ = {isa = PBXFileReference; lastKnownFileType = sourcecode.c.objc; path = AppDelegate.m; sourceTree = "<group>"; };
		C73D4D541EADAE3700ED8308 /* main.m */ = {isa = PBXFileReference; lastKnownFileType = sourcecode.c.objc; path = main.m; sourceTree = "<group>"; };
		C73D4D561EADAE3700ED8308 /* ViewController.h */ = {isa = PBXFileReference; lastKnownFileType = sourcecode.c.h; path = ViewController.h; sourceTree = "<group>"; };
		C73D4D571EADAE3700ED8308 /* ViewController.m */ = {isa = PBXFileReference; lastKnownFileType = sourcecode.c.objc; path = ViewController.m; sourceTree = "<group>"; };
		C73D4D591EADAE3700ED8308 /* Assets.xcassets */ = {isa = PBXFileReference; lastKnownFileType = folder.assetcatalog; path = Assets.xcassets; sourceTree = "<group>"; };
		C73D4D5C1EADAE3700ED8308 /* Base */ = {isa = PBXFileReference; lastKnownFileType = file.storyboard; name = Base; path = Base.lproj/Main.storyboard; sourceTree = "<group>"; };
		C73D4D5E1EADAE3700ED8308 /* Info.plist */ = {isa = PBXFileReference; lastKnownFileType = text.plist.xml; path = Info.plist; sourceTree = "<group>"; };
		C73D4E1F1EADE68B00ED8308 /* MMovieModel.h */ = {isa = PBXFileReference; fileEncoding = 4; lastKnownFileType = sourcecode.c.h; path = MMovieModel.h; sourceTree = "<group>"; };
		C73D4E201EADE68B00ED8308 /* MMovieModel.m */ = {isa = PBXFileReference; fileEncoding = 4; lastKnownFileType = sourcecode.c.objc; path = MMovieModel.m; sourceTree = "<group>"; };
		C73D4E281EADF12B00ED8308 /* DetailViewController.h */ = {isa = PBXFileReference; fileEncoding = 4; lastKnownFileType = sourcecode.c.h; path = DetailViewController.h; sourceTree = "<group>"; };
		C73D4E291EADF12B00ED8308 /* DetailViewController.m */ = {isa = PBXFileReference; fileEncoding = 4; lastKnownFileType = sourcecode.c.objc; path = DetailViewController.m; sourceTree = "<group>"; };
		C73D4E2A1EADF12B00ED8308 /* DetailViewController.xib */ = {isa = PBXFileReference; fileEncoding = 4; lastKnownFileType = file.xib; path = DetailViewController.xib; sourceTree = "<group>"; };
		C73D4E2D1EADF56400ED8308 /* MVideo.entitlements */ = {isa = PBXFileReference; lastKnownFileType = text.plist.entitlements; path = MVideo.entitlements; sourceTree = "<group>"; };
/* End PBXFileReference section */

/* Begin PBXFrameworksBuildPhase section */
		C73D4D4A1EADAE3700ED8308 /* Frameworks */ = {
			isa = PBXFrameworksBuildPhase;
			buildActionMask = 2147483647;
			files = (
				A1C3E79343299D13269F1487 /* libPods-MVideo.a in Frameworks */,
			);
			runOnlyForDeploymentPostprocessing = 0;
		};
/* End PBXFrameworksBuildPhase section */

/* Begin PBXGroup section */
		7789832C92E54E1D1E977708 /* Pods */ = {
			isa = PBXGroup;
			children = (
				92827552F4C8A484A5FFADA0 /* Pods-MVideo.debug.xcconfig */,
				9E0E224B740CDA868624CEE6 /* Pods-MVideo.release.xcconfig */,
			);
			name = Pods;
			sourceTree = "<group>";
		};
		C73D4D441EADAE3700ED8308 = {
			isa = PBXGroup;
			children = (
				C73D4D4F1EADAE3700ED8308 /* MVideo */,
				C73D4D4E1EADAE3700ED8308 /* Products */,
				C73D4E251EADEE3800ED8308 /* Frameworks */,
				7789832C92E54E1D1E977708 /* Pods */,
			);
			sourceTree = "<group>";
		};
		C73D4D4E1EADAE3700ED8308 /* Products */ = {
			isa = PBXGroup;
			children = (
				C73D4D4D1EADAE3700ED8308 /* MVideo.app */,
			);
			name = Products;
			sourceTree = "<group>";
		};
		C73D4D4F1EADAE3700ED8308 /* MVideo */ = {
			isa = PBXGroup;
			children = (
				C73D4E2D1EADF56400ED8308 /* MVideo.entitlements */,
				C73D4D501EADAE3700ED8308 /* AppDelegate.h */,
				C73D4D511EADAE3700ED8308 /* AppDelegate.m */,
				C73D4D561EADAE3700ED8308 /* ViewController.h */,
				C73D4D571EADAE3700ED8308 /* ViewController.m */,
				C73D4E1F1EADE68B00ED8308 /* MMovieModel.h */,
				C73D4E201EADE68B00ED8308 /* MMovieModel.m */,
				C71FF8F81EAE0F8E00E6C8D2 /* All-Btn-BackOfLight-Highlighted@2x.png */,
				C73D4E281EADF12B00ED8308 /* DetailViewController.h */,
				C73D4E291EADF12B00ED8308 /* DetailViewController.m */,
				C73D4E2A1EADF12B00ED8308 /* DetailViewController.xib */,
				C73D4D591EADAE3700ED8308 /* Assets.xcassets */,
				C73D4D5B1EADAE3700ED8308 /* Main.storyboard */,
				C73D4D5E1EADAE3700ED8308 /* Info.plist */,
				C73D4D531EADAE3700ED8308 /* Supporting Files */,
			);
			path = MVideo;
			sourceTree = "<group>";
		};
		C73D4D531EADAE3700ED8308 /* Supporting Files */ = {
			isa = PBXGroup;
			children = (
				C73D4D541EADAE3700ED8308 /* main.m */,
			);
			name = "Supporting Files";
			sourceTree = "<group>";
		};
		C73D4E251EADEE3800ED8308 /* Frameworks */ = {
			isa = PBXGroup;
			children = (
				2B47EF1965D27E0670B59074 /* libPods-MVideo.a */,
			);
			name = Frameworks;
			sourceTree = "<group>";
		};
/* End PBXGroup section */

/* Begin PBXNativeTarget section */
		C73D4D4C1EADAE3700ED8308 /* MVideo */ = {
			isa = PBXNativeTarget;
			buildConfigurationList = C73D4D611EADAE3700ED8308 /* Build configuration list for PBXNativeTarget "MVideo" */;
			buildPhases = (
				F79715F802A630093E4A2A90 /* [CP] Check Pods Manifest.lock */,
				C73D4D491EADAE3700ED8308 /* Sources */,
				C73D4D4A1EADAE3700ED8308 /* Frameworks */,
				C73D4D4B1EADAE3700ED8308 /* Resources */,
				CF1E09A7CC472E22A48896AA /* [CP] Embed Pods Frameworks */,
				60734F133F3629DA268960FA /* [CP] Copy Pods Resources */,
			);
			buildRules = (
			);
			dependencies = (
			);
			name = MVideo;
			productName = MVideo;
			productReference = C73D4D4D1EADAE3700ED8308 /* MVideo.app */;
			productType = "com.apple.product-type.application";
		};
/* End PBXNativeTarget section */

/* Begin PBXProject section */
		C73D4D451EADAE3700ED8308 /* Project object */ = {
			isa = PBXProject;
			attributes = {
				LastUpgradeCheck = 0830;
				ORGANIZATIONNAME = lihongli;
				TargetAttributes = {
					C73D4D4C1EADAE3700ED8308 = {
						CreatedOnToolsVersion = 8.3.1;
						DevelopmentTeam = M675EFBDE2;
						ProvisioningStyle = Automatic;
						SystemCapabilities = {
							com.apple.Sandbox = {
								enabled = 1;
							};
						};
					};
				};
			};
			buildConfigurationList = C73D4D481EADAE3700ED8308 /* Build configuration list for PBXProject "MVideo" */;
			compatibilityVersion = "Xcode 3.2";
			developmentRegion = English;
			hasScannedForEncodings = 0;
			knownRegions = (
				en,
				Base,
			);
			mainGroup = C73D4D441EADAE3700ED8308;
			productRefGroup = C73D4D4E1EADAE3700ED8308 /* Products */;
			projectDirPath = "";
			projectRoot = "";
			targets = (
				C73D4D4C1EADAE3700ED8308 /* MVideo */,
			);
		};
/* End PBXProject section */

/* Begin PBXResourcesBuildPhase section */
		C73D4D4B1EADAE3700ED8308 /* Resources */ = {
			isa = PBXResourcesBuildPhase;
			buildActionMask = 2147483647;
			files = (
				C73D4D5A1EADAE3700ED8308 /* Assets.xcassets in Resources */,
				C73D4E2C1EADF12B00ED8308 /* DetailViewController.xib in Resources */,
				C73D4D5D1EADAE3700ED8308 /* Main.storyboard in Resources */,
				C71FF8F91EAE0F8E00E6C8D2 /* All-Btn-BackOfLight-Highlighted@2x.png in Resources */,
			);
			runOnlyForDeploymentPostprocessing = 0;
		};
/* End PBXResourcesBuildPhase section */

/* Begin PBXShellScriptBuildPhase section */
		60734F133F3629DA268960FA /* [CP] Copy Pods Resources */ = {
			isa = PBXShellScriptBuildPhase;
			buildActionMask = 2147483647;
			files = (
			);
			inputPaths = (
			);
			name = "[CP] Copy Pods Resources";
			outputPaths = (
			);
			runOnlyForDeploymentPostprocessing = 0;
			shellPath = /bin/sh;
			shellScript = "\"${SRCROOT}/Pods/Target Support Files/Pods-MVideo/Pods-MVideo-resources.sh\"\n";
			showEnvVarsInLog = 0;
		};
		CF1E09A7CC472E22A48896AA /* [CP] Embed Pods Frameworks */ = {
			isa = PBXShellScriptBuildPhase;
			buildActionMask = 2147483647;
			files = (
			);
			inputPaths = (
			);
			name = "[CP] Embed Pods Frameworks";
			outputPaths = (
			);
			runOnlyForDeploymentPostprocessing = 0;
			shellPath = /bin/sh;
			shellScript = "\"${SRCROOT}/Pods/Target Support Files/Pods-MVideo/Pods-MVideo-frameworks.sh\"\n";
			showEnvVarsInLog = 0;
		};
		F79715F802A630093E4A2A90 /* [CP] Check Pods Manifest.lock */ = {
			isa = PBXShellScriptBuildPhase;
			buildActionMask = 2147483647;
			files = (
			);
			inputPaths = (
			);
			name = "[CP] Check Pods Manifest.lock";
			outputPaths = (
			);
			runOnlyForDeploymentPostprocessing = 0;
			shellPath = /bin/sh;
			shellScript = "diff \"${PODS_PODFILE_DIR_PATH}/Podfile.lock\" \"${PODS_ROOT}/Manifest.lock\" > /dev/null\nif [ $? != 0 ] ; then\n    # print error to STDERR\n    echo \"error: The sandbox is not in sync with the Podfile.lock. Run 'pod install' or update your CocoaPods installation.\" >&2\n    exit 1\nfi\n";
			showEnvVarsInLog = 0;
		};
/* End PBXShellScriptBuildPhase section */

/* Begin PBXSourcesBuildPhase section */
		C73D4D491EADAE3700ED8308 /* Sources */ = {
			isa = PBXSourcesBuildPhase;
			buildActionMask = 2147483647;
			files = (
				C73D4E2B1EADF12B00ED8308 /* DetailViewController.m in Sources */,
				C73D4D581EADAE3700ED8308 /* ViewController.m in Sources */,
				C73D4D551EADAE3700ED8308 /* main.m in Sources */,
				C73D4E211EADE68B00ED8308 /* MMovieModel.m in Sources */,
				C73D4D521EADAE3700ED8308 /* AppDelegate.m in Sources */,
			);
			runOnlyForDeploymentPostprocessing = 0;
		};
/* End PBXSourcesBuildPhase section */

/* Begin PBXVariantGroup section */
		C73D4D5B1EADAE3700ED8308 /* Main.storyboard */ = {
			isa = PBXVariantGroup;
			children = (
				C73D4D5C1EADAE3700ED8308 /* Base */,
			);
			name = Main.storyboard;
			sourceTree = "<group>";
		};
/* End PBXVariantGroup section */

/* Begin XCBuildConfiguration section */
		C73D4D5F1EADAE3700ED8308 /* Debug */ = {
			isa = XCBuildConfiguration;
			buildSettings = {
				ALWAYS_SEARCH_USER_PATHS = NO;
				CLANG_ANALYZER_NONNULL = YES;
				CLANG_ANALYZER_NUMBER_OBJECT_CONVERSION = YES_AGGRESSIVE;
				CLANG_CXX_LANGUAGE_STANDARD = "gnu++0x";
				CLANG_CXX_LIBRARY = "libc++";
				CLANG_ENABLE_MODULES = YES;
				CLANG_ENABLE_OBJC_ARC = YES;
				CLANG_WARN_BOOL_CONVERSION = YES;
				CLANG_WARN_CONSTANT_CONVERSION = YES;
				CLANG_WARN_DIRECT_OBJC_ISA_USAGE = YES_ERROR;
				CLANG_WARN_DOCUMENTATION_COMMENTS = YES;
				CLANG_WARN_EMPTY_BODY = YES;
				CLANG_WARN_ENUM_CONVERSION = YES;
				CLANG_WARN_INFINITE_RECURSION = YES;
				CLANG_WARN_INT_CONVERSION = YES;
				CLANG_WARN_OBJC_ROOT_CLASS = YES_ERROR;
				CLANG_WARN_SUSPICIOUS_MOVE = YES;
				CLANG_WARN_UNREACHABLE_CODE = YES;
				CLANG_WARN__DUPLICATE_METHOD_MATCH = YES;
				CODE_SIGN_IDENTITY = "-";
				COPY_PHASE_STRIP = NO;
				DEBUG_INFORMATION_FORMAT = dwarf;
				ENABLE_STRICT_OBJC_MSGSEND = YES;
				ENABLE_TESTABILITY = YES;
				GCC_C_LANGUAGE_STANDARD = gnu99;
				GCC_DYNAMIC_NO_PIC = NO;
				GCC_NO_COMMON_BLOCKS = YES;
				GCC_OPTIMIZATION_LEVEL = 0;
				GCC_PREPROCESSOR_DEFINITIONS = (
					"DEBUG=1",
					"$(inherited)",
				);
				GCC_WARN_64_TO_32_BIT_CONVERSION = YES;
				GCC_WARN_ABOUT_RETURN_TYPE = YES_ERROR;
				GCC_WARN_UNDECLARED_SELECTOR = YES;
				GCC_WARN_UNINITIALIZED_AUTOS = YES_AGGRESSIVE;
				GCC_WARN_UNUSED_FUNCTION = YES;
				GCC_WARN_UNUSED_VARIABLE = YES;
				MACOSX_DEPLOYMENT_TARGET = 10.7;
				MTL_ENABLE_DEBUG_INFO = YES;
				ONLY_ACTIVE_ARCH = YES;
				SDKROOT = macosx;
			};
			name = Debug;
		};
		C73D4D601EADAE3700ED8308 /* Release */ = {
			isa = XCBuildConfiguration;
			buildSettings = {
				ALWAYS_SEARCH_USER_PATHS = NO;
				CLANG_ANALYZER_NONNULL = YES;
				CLANG_ANALYZER_NUMBER_OBJECT_CONVERSION = YES_AGGRESSIVE;
				CLANG_CXX_LANGUAGE_STANDARD = "gnu++0x";
				CLANG_CXX_LIBRARY = "libc++";
				CLANG_ENABLE_MODULES = YES;
				CLANG_ENABLE_OBJC_ARC = YES;
				CLANG_WARN_BOOL_CONVERSION = YES;
				CLANG_WARN_CONSTANT_CONVERSION = YES;
				CLANG_WARN_DIRECT_OBJC_ISA_USAGE = YES_ERROR;
				CLANG_WARN_DOCUMENTATION_COMMENTS = YES;
				CLANG_WARN_EMPTY_BODY = YES;
				CLANG_WARN_ENUM_CONVERSION = YES;
				CLANG_WARN_INFINITE_RECURSION = YES;
				CLANG_WARN_INT_CONVERSION = YES;
				CLANG_WARN_OBJC_ROOT_CLASS = YES_ERROR;
				CLANG_WARN_SUSPICIOUS_MOVE = YES;
				CLANG_WARN_UNREACHABLE_CODE = YES;
				CLANG_WARN__DUPLICATE_METHOD_MATCH = YES;
				CODE_SIGN_IDENTITY = "-";
				COPY_PHASE_STRIP = NO;
				DEBUG_INFORMATION_FORMAT = "dwarf-with-dsym";
				ENABLE_NS_ASSERTIONS = NO;
				ENABLE_STRICT_OBJC_MSGSEND = YES;
				GCC_C_LANGUAGE_STANDARD = gnu99;
				GCC_NO_COMMON_BLOCKS = YES;
				GCC_WARN_64_TO_32_BIT_CONVERSION = YES;
				GCC_WARN_ABOUT_RETURN_TYPE = YES_ERROR;
				GCC_WARN_UNDECLARED_SELECTOR = YES;
				GCC_WARN_UNINITIALIZED_AUTOS = YES_AGGRESSIVE;
				GCC_WARN_UNUSED_FUNCTION = YES;
				GCC_WARN_UNUSED_VARIABLE = YES;
				MACOSX_DEPLOYMENT_TARGET = 10.7;
				MTL_ENABLE_DEBUG_INFO = NO;
				SDKROOT = macosx;
			};
			name = Release;
		};
		C73D4D621EADAE3700ED8308 /* Debug */ = {
			isa = XCBuildConfiguration;
			baseConfigurationReference = 92827552F4C8A484A5FFADA0 /* Pods-MVideo.debug.xcconfig */;
			buildSettings = {
				ASSETCATALOG_COMPILER_APPICON_NAME = AppIcon;
				CODE_SIGN_ENTITLEMENTS = MVideo/MVideo.entitlements;
				CODE_SIGN_IDENTITY = "Mac Developer";
				COMBINE_HIDPI_IMAGES = YES;
				DEVELOPMENT_TEAM = M675EFBDE2;
				INFOPLIST_FILE = MVideo/Info.plist;
				LD_RUNPATH_SEARCH_PATHS = "$(inherited) @executable_path/../Frameworks";
				PRODUCT_BUNDLE_IDENTIFIER = com.sohu.MVideo;
				PRODUCT_NAME = "$(TARGET_NAME)";
				PROVISIONING_PROFILE_SPECIFIER = "";
			};
			name = Debug;
		};
		C73D4D631EADAE3700ED8308 /* Release */ = {
			isa = XCBuildConfiguration;
			baseConfigurationReference = 9E0E224B740CDA868624CEE6 /* Pods-MVideo.release.xcconfig */;
			buildSettings = {
				ASSETCATALOG_COMPILER_APPICON_NAME = AppIcon;
				CODE_SIGN_ENTITLEMENTS = MVideo/MVideo.entitlements;
				CODE_SIGN_IDENTITY = "Mac Developer";
				COMBINE_HIDPI_IMAGES = YES;
				DEVELOPMENT_TEAM = M675EFBDE2;
				INFOPLIST_FILE = MVideo/Info.plist;
				LD_RUNPATH_SEARCH_PATHS = "$(inherited) @executable_path/../Frameworks";
				PRODUCT_BUNDLE_IDENTIFIER = com.sohu.MVideo;
				PRODUCT_NAME = "$(TARGET_NAME)";
				PROVISIONING_PROFILE_SPECIFIER = "";
			};
			name = Release;
		};
/* End XCBuildConfiguration section */

/* Begin XCConfigurationList section */
		C73D4D481EADAE3700ED8308 /* Build configuration list for PBXProject "MVideo" */ = {
			isa = XCConfigurationList;
			buildConfigurations = (
				C73D4D5F1EADAE3700ED8308 /* Debug */,
				C73D4D601EADAE3700ED8308 /* Release */,
			);
			defaultConfigurationIsVisible = 0;
			defaultConfigurationName = Release;
		};
		C73D4D611EADAE3700ED8308 /* Build configuration list for PBXNativeTarget "MVideo" */ = {
			isa = XCConfigurationList;
			buildConfigurations = (
				C73D4D621EADAE3700ED8308 /* Debug */,
				C73D4D631EADAE3700ED8308 /* Release */,
			);
			defaultConfigurationIsVisible = 0;
			defaultConfigurationName = Release;
		};
/* End XCConfigurationList section */
	};
	rootObject = C73D4D451EADAE3700ED8308 /* Project object */;
}
